
Microsoft Visual Studio Solution File, Format Version 12.00
# Visual Studio Version 17
VisualStudioVersion = 17.0.31611.283
MinimumVisualStudioVersion = 10.0.40219.1
Project("{6EC3EE1D-3C4E-46DD-8F32-0CC8E7565705}") = "OdisTimetableDownloaderMAUI", "OdisTimetableDownloaderMAUI.fsproj", "{38F1EB95-A398-4FAE-886F-7BDD952ED35A}"
EndProject
Project("{6EC3EE1D-3C4E-46DD-8F32-0CC8E7565705}") = "EmbeddedTP", "..\EmbeddedTP\EmbeddedTP.fsproj", "{6B77CE7B-DD4C-4966-B72C-BAF4E75EC508}"
EndProject
Project("{2150E333-8FDC-42A3-9474-1A3956D46DE8}") = "RustHelpers", "RustHelpers", "{02EA681E-C7D8-13C7-8484-4AC65E1B71E8}"
EndProject
Project("{2150E333-8FDC-42A3-9474-1A3956D46DE8}") = "CombiningStrings", "CombiningStrings", "{6E303B49-043B-42DB-A606-380F35B63948}"
	ProjectSection(SolutionItems) = preProject
		..\..\source\Rust\string_combine_dll\src\lib.rs = ..\..\source\Rust\string_combine_dll\src\lib.rs
	EndProjectSection
EndProject
Project("{2150E333-8FDC-42A3-9474-1A3956D46DE8}") = "CopyingAndMoving", "CopyingAndMoving", "{C148AA85-54B8-4A6D-AAB6-BD2B6A42C9BD}"
	ProjectSection(SolutionItems) = preProject
		C:\Users\User\RustRoverProjects\rust_copy_move\src\copy_move.rs = C:\Users\User\RustRoverProjects\rust_copy_move\src\copy_move.rs
		C:\Users\User\RustRoverProjects\rust_copy_move\src\lib.rs = C:\Users\User\RustRoverProjects\rust_copy_move\src\lib.rs
	EndProjectSection
EndProject
Project("{2150E333-8FDC-42A3-9474-1A3956D46DE8}") = "CppHelpers", "CppHelpers", "{0FBBBC7C-3DCC-4810-B8B1-617F0EC4EB20}"
	ProjectSection(SolutionItems) = preProject
		..\CppHelpers\copyingDirectories.cpp = ..\CppHelpers\copyingDirectories.cpp
		..\CppHelpers\copyingDirectories.h = ..\CppHelpers\copyingDirectories.h
		..\CppHelpers\CppHelpers.vcxproj = ..\CppHelpers\CppHelpers.vcxproj
		..\CppHelpers\CppHelpers.vcxproj.filters = ..\CppHelpers\CppHelpers.vcxproj.filters
		..\CppHelpers\CppHelpers.vcxproj.user = ..\CppHelpers\CppHelpers.vcxproj.user
		..\CppHelpers\dllmain.cpp = ..\CppHelpers\dllmain.cpp
		..\CppHelpers\framework.h = ..\CppHelpers\framework.h
		..\CppHelpers\movingDirectories.cpp = ..\CppHelpers\movingDirectories.cpp
		..\CppHelpers\movingDirectories.h = ..\CppHelpers\movingDirectories.h
		..\CppHelpers\pch.cpp = ..\CppHelpers\pch.cpp
		..\CppHelpers\pch.h = ..\CppHelpers\pch.h
	EndProjectSection
EndProject
Global
	GlobalSection(SolutionConfigurationPlatforms) = preSolution
		Debug|Any CPU = Debug|Any CPU
		Debug|x64 = Debug|x64
		Debug|x86 = Debug|x86
		Release|Any CPU = Release|Any CPU
		Release|x64 = Release|x64
		Release|x86 = Release|x86
	EndGlobalSection
	GlobalSection(ProjectConfigurationPlatforms) = postSolution
		{38F1EB95-A398-4FAE-886F-7BDD952ED35A}.Debug|Any CPU.ActiveCfg = Debug|Any CPU
		{38F1EB95-A398-4FAE-886F-7BDD952ED35A}.Debug|Any CPU.Build.0 = Debug|Any CPU
		{38F1EB95-A398-4FAE-886F-7BDD952ED35A}.Debug|Any CPU.Deploy.0 = Debug|Any CPU
		{38F1EB95-A398-4FAE-886F-7BDD952ED35A}.Debug|x64.ActiveCfg = Debug|Any CPU
		{38F1EB95-A398-4FAE-886F-7BDD952ED35A}.Debug|x64.Build.0 = Debug|Any CPU
		{38F1EB95-A398-4FAE-886F-7BDD952ED35A}.Debug|x64.Deploy.0 = Debug|Any CPU
		{38F1EB95-A398-4FAE-886F-7BDD952ED35A}.Debug|x86.ActiveCfg = Debug|Any CPU
		{38F1EB95-A398-4FAE-886F-7BDD952ED35A}.Debug|x86.Build.0 = Debug|Any CPU
		{38F1EB95-A398-4FAE-886F-7BDD952ED35A}.Debug|x86.Deploy.0 = Debug|Any CPU
		{38F1EB95-A398-4FAE-886F-7BDD952ED35A}.Release|Any CPU.ActiveCfg = Release|Any CPU
		{38F1EB95-A398-4FAE-886F-7BDD952ED35A}.Release|Any CPU.Build.0 = Release|Any CPU
		{38F1EB95-A398-4FAE-886F-7BDD952ED35A}.Release|Any CPU.Deploy.0 = Release|Any CPU
		{38F1EB95-A398-4FAE-886F-7BDD952ED35A}.Release|x64.ActiveCfg = Release|Any CPU
		{38F1EB95-A398-4FAE-886F-7BDD952ED35A}.Release|x64.Build.0 = Release|Any CPU
		{38F1EB95-A398-4FAE-886F-7BDD952ED35A}.Release|x64.Deploy.0 = Release|Any CPU
		{38F1EB95-A398-4FAE-886F-7BDD952ED35A}.Release|x86.ActiveCfg = Release|Any CPU
		{38F1EB95-A398-4FAE-886F-7BDD952ED35A}.Release|x86.Build.0 = Release|Any CPU
		{38F1EB95-A398-4FAE-886F-7BDD952ED35A}.Release|x86.Deploy.0 = Release|Any CPU
		{6B77CE7B-DD4C-4966-B72C-BAF4E75EC508}.Debug|Any CPU.ActiveCfg = Debug|Any CPU
		{6B77CE7B-DD4C-4966-B72C-BAF4E75EC508}.Debug|Any CPU.Build.0 = Debug|Any CPU
		{6B77CE7B-DD4C-4966-B72C-BAF4E75EC508}.Debug|x64.ActiveCfg = Debug|Any CPU
		{6B77CE7B-DD4C-4966-B72C-BAF4E75EC508}.Debug|x64.Build.0 = Debug|Any CPU
		{6B77CE7B-DD4C-4966-B72C-BAF4E75EC508}.Debug|x86.ActiveCfg = Debug|Any CPU
		{6B77CE7B-DD4C-4966-B72C-BAF4E75EC508}.Debug|x86.Build.0 = Debug|Any CPU
		{6B77CE7B-DD4C-4966-B72C-BAF4E75EC508}.Release|Any CPU.ActiveCfg = Release|Any CPU
		{6B77CE7B-DD4C-4966-B72C-BAF4E75EC508}.Release|Any CPU.Build.0 = Release|Any CPU
		{6B77CE7B-DD4C-4966-B72C-BAF4E75EC508}.Release|x64.ActiveCfg = Release|Any CPU
		{6B77CE7B-DD4C-4966-B72C-BAF4E75EC508}.Release|x64.Build.0 = Release|Any CPU
		{6B77CE7B-DD4C-4966-B72C-BAF4E75EC508}.Release|x86.ActiveCfg = Release|Any CPU
		{6B77CE7B-DD4C-4966-B72C-BAF4E75EC508}.Release|x86.Build.0 = Release|Any CPU
	EndGlobalSection
	GlobalSection(SolutionProperties) = preSolution
		HideSolutionNode = FALSE
	EndGlobalSection
	GlobalSection(NestedProjects) = preSolution
		{6E303B49-043B-42DB-A606-380F35B63948} = {02EA681E-C7D8-13C7-8484-4AC65E1B71E8}
		{C148AA85-54B8-4A6D-AAB6-BD2B6A42C9BD} = {02EA681E-C7D8-13C7-8484-4AC65E1B71E8}
	EndGlobalSection
	GlobalSection(ExtensibilityGlobals) = postSolution
		SolutionGuid = {61F7FB11-1E47-470C-91E2-47F8143E1572}
	EndGlobalSection
EndGlobal
